
Microsoft Visual Studio Solution File, Format Version 12.00
# Visual Studio 15
VisualStudioVersion = 15.0.28307.1022
MinimumVisualStudioVersion = 10.0.40219.1
Project("{FAE04EC0-301F-11D3-BF4B-00C04F79EFBC}") = "AutoDataAnalyzer", "GestioneNOC\AutoDataAnalyzer.csproj", "{88B6A139-9D5F-49CC-AEFC-6D989F53B69F}"
EndProject
Global
	GlobalSection(SolutionConfigurationPlatforms) = preSolution
		Debug|Any CPU = Debug|Any CPU
		Release|Any CPU = Release|Any CPU
	EndGlobalSection
	GlobalSection(ProjectConfigurationPlatforms) = postSolution
		{88B6A139-9D5F-49CC-AEFC-6D989F53B69F}.Debug|Any CPU.ActiveCfg = Debug|Any CPU
		{88B6A139-9D5F-49CC-AEFC-6D989F53B69F}.Debug|Any CPU.Build.0 = Debug|Any CPU
		{88B6A139-9D5F-49CC-AEFC-6D989F53B69F}.Release|Any CPU.ActiveCfg = Release|Any CPU
		{88B6A139-9D5F-49CC-AEFC-6D989F53B69F}.Release|Any CPU.Build.0 = Release|Any CPU
	EndGlobalSection
	GlobalSection(SolutionProperties) = preSolution
		HideSolutionNode = FALSE
	EndGlobalSection
	GlobalSection(ExtensibilityGlobals) = postSolution
		SolutionGuid = {95B94990-5785-4D46-A18D-642BFF80B070}
	EndGlobalSection
EndGlobal
